
Microsoft Visual Studio Solution File, Format Version 12.00
# Visual Studio Version 17
VisualStudioVersion = 17.9.34902.65
MinimumVisualStudioVersion = 10.0.40219.1
Project("{9A19103F-16F7-4668-BE54-9A1E7A4F7556}") = "BackendEstadistica", "BackendEstadistica\BackendEstadistica.csproj", "{248EAA50-4548-4511-AB05-68F9F7C8867E}"
EndProject
Project("{9A19103F-16F7-4668-BE54-9A1E7A4F7556}") = "Estadistica.Test", "TestEstadistica\Estadistica.Test.csproj", "{87BD66BD-3ACF-460C-AC8A-3154B59AEC15}"
EndProject
Project("{9A19103F-16F7-4668-BE54-9A1E7A4F7556}") = "BackendEstadistica.UI.Test", "BackendEstadistica.UI.Test\BackendEstadistica.UI.Test.csproj", "{541FC73E-5A4E-41B8-9D67-A6EB3BA722C2}"
EndProject
Project("{2150E333-8FDC-42A3-9474-1A3956D46DE8}") = "scripts", "scripts", "{60476A09-697D-42AE-B2E6-EBE575AF7A8B}"
	ProjectSection(SolutionItems) = preProject
		dbo.ClientesConBalance.sql = dbo.ClientesConBalance.sql
		dbo.GetFilteredTransacciones.sql = dbo.GetFilteredTransacciones.sql
	EndProjectSection
EndProject
Global
	GlobalSection(SolutionConfigurationPlatforms) = preSolution
		Debug|Any CPU = Debug|Any CPU
		Release|Any CPU = Release|Any CPU
	EndGlobalSection
	GlobalSection(ProjectConfigurationPlatforms) = postSolution
		{248EAA50-4548-4511-AB05-68F9F7C8867E}.Debug|Any CPU.ActiveCfg = Debug|Any CPU
		{248EAA50-4548-4511-AB05-68F9F7C8867E}.Debug|Any CPU.Build.0 = Debug|Any CPU
		{248EAA50-4548-4511-AB05-68F9F7C8867E}.Release|Any CPU.ActiveCfg = Release|Any CPU
		{248EAA50-4548-4511-AB05-68F9F7C8867E}.Release|Any CPU.Build.0 = Release|Any CPU
		{87BD66BD-3ACF-460C-AC8A-3154B59AEC15}.Debug|Any CPU.ActiveCfg = Debug|Any CPU
		{87BD66BD-3ACF-460C-AC8A-3154B59AEC15}.Debug|Any CPU.Build.0 = Debug|Any CPU
		{87BD66BD-3ACF-460C-AC8A-3154B59AEC15}.Release|Any CPU.ActiveCfg = Release|Any CPU
		{87BD66BD-3ACF-460C-AC8A-3154B59AEC15}.Release|Any CPU.Build.0 = Release|Any CPU
		{541FC73E-5A4E-41B8-9D67-A6EB3BA722C2}.Debug|Any CPU.ActiveCfg = Debug|Any CPU
		{541FC73E-5A4E-41B8-9D67-A6EB3BA722C2}.Debug|Any CPU.Build.0 = Debug|Any CPU
		{541FC73E-5A4E-41B8-9D67-A6EB3BA722C2}.Release|Any CPU.ActiveCfg = Release|Any CPU
		{541FC73E-5A4E-41B8-9D67-A6EB3BA722C2}.Release|Any CPU.Build.0 = Release|Any CPU
	EndGlobalSection
	GlobalSection(SolutionProperties) = preSolution
		HideSolutionNode = FALSE
	EndGlobalSection
	GlobalSection(ExtensibilityGlobals) = postSolution
		SolutionGuid = {4FC0C287-1371-4FF9-9F8F-21348EF65F1C}
	EndGlobalSection
EndGlobal
